// !$*UTF8*$!
{
	archiveVersion = 1;
	classes = {
	};
	objectVersion = 46;
	objects = {

/* Begin PBXBuildFile section */
		B915DE541C02F752005C552C /* main.m in Sources */ = {isa = PBXBuildFile; fileRef = B915DE531C02F752005C552C /* main.m */; };
		B915DE571C02F752005C552C /* AppDelegate.m in Sources */ = {isa = PBXBuildFile; fileRef = B915DE561C02F752005C552C /* AppDelegate.m */; };
		B915DE5A1C02F752005C552C /* ViewController.m in Sources */ = {isa = PBXBuildFile; fileRef = B915DE591C02F752005C552C /* ViewController.m */; };
		B915DE5D1C02F752005C552C /* Main.storyboard in Resources */ = {isa = PBXBuildFile; fileRef = B915DE5B1C02F752005C552C /* Main.storyboard */; };
		B915DE5F1C02F752005C552C /* Assets.xcassets in Resources */ = {isa = PBXBuildFile; fileRef = B915DE5E1C02F752005C552C /* Assets.xcassets */; };
		B915DE621C02F752005C552C /* LaunchScreen.storyboard in Resources */ = {isa = PBXBuildFile; fileRef = B915DE601C02F752005C552C /* LaunchScreen.storyboard */; };
		B915DE6F1C02F830005C552C /* DatePickerViewController.m in Sources */ = {isa = PBXBuildFile; fileRef = B915DE6C1C02F830005C552C /* DatePickerViewController.m */; };
		B915DE701C02F830005C552C /* DatePicker.m in Sources */ = {isa = PBXBuildFile; fileRef = B915DE6E1C02F830005C552C /* DatePicker.m */; };
		B915DE761C02F8B9005C552C /* TDSemiModalViewController.m in Sources */ = {isa = PBXBuildFile; fileRef = B915DE731C02F8B9005C552C /* TDSemiModalViewController.m */; };
		B915DE771C02F8B9005C552C /* UIViewController+TDSemiModalExtension.m in Sources */ = {isa = PBXBuildFile; fileRef = B915DE751C02F8B9005C552C /* UIViewController+TDSemiModalExtension.m */; };
/* End PBXBuildFile section */

/* Begin PBXFileReference section */
		B915DE4F1C02F752005C552C /* DatePicker.app */ = {isa = PBXFileReference; explicitFileType = wrapper.application; includeInIndex = 0; path = DatePicker.app; sourceTree = BUILT_PRODUCTS_DIR; };
		B915DE531C02F752005C552C /* main.m */ = {isa = PBXFileReference; lastKnownFileType = sourcecode.c.objc; path = main.m; sourceTree = "<group>"; };
		B915DE551C02F752005C552C /* AppDelegate.h */ = {isa = PBXFileReference; lastKnownFileType = sourcecode.c.h; path = AppDelegate.h; sourceTree = "<group>"; };
		B915DE561C02F752005C552C /* AppDelegate.m */ = {isa = PBXFileReference; lastKnownFileType = sourcecode.c.objc; path = AppDelegate.m; sourceTree = "<group>"; };
		B915DE581C02F752005C552C /* ViewController.h */ = {isa = PBXFileReference; lastKnownFileType = sourcecode.c.h; path = ViewController.h; sourceTree = "<group>"; };
		B915DE591C02F752005C552C /* ViewController.m */ = {isa = PBXFileReference; lastKnownFileType = sourcecode.c.objc; path = ViewController.m; sourceTree = "<group>"; };
		B915DE5C1C02F752005C552C /* Base */ = {isa = PBXFileReference; lastKnownFileType = file.storyboard; name = Base; path = Base.lproj/Main.storyboard; sourceTree = "<group>"; };
		B915DE5E1C02F752005C552C /* Assets.xcassets */ = {isa = PBXFileReference; lastKnownFileType = folder.assetcatalog; path = Assets.xcassets; sourceTree = "<group>"; };
		B915DE611C02F752005C552C /* Base */ = {isa = PBXFileReference; lastKnownFileType = file.storyboard; name = Base; path = Base.lproj/LaunchScreen.storyboard; sourceTree = "<group>"; };
		B915DE631C02F752005C552C /* Info.plist */ = {isa = PBXFileReference; lastKnownFileType = text.plist.xml; path = Info.plist; sourceTree = "<group>"; };
		B915DE6B1C02F830005C552C /* DatePickerViewController.h */ = {isa = PBXFileReference; fileEncoding = 4; lastKnownFileType = sourcecode.c.h; path = DatePickerViewController.h; sourceTree = "<group>"; };
		B915DE6C1C02F830005C552C /* DatePickerViewController.m */ = {isa = PBXFileReference; fileEncoding = 4; lastKnownFileType = sourcecode.c.objc; path = DatePickerViewController.m; sourceTree = "<group>"; };
		B915DE6D1C02F830005C552C /* DatePicker.h */ = {isa = PBXFileReference; fileEncoding = 4; lastKnownFileType = sourcecode.c.h; path = DatePicker.h; sourceTree = "<group>"; };
		B915DE6E1C02F830005C552C /* DatePicker.m */ = {isa = PBXFileReference; fileEncoding = 4; lastKnownFileType = sourcecode.c.objc; path = DatePicker.m; sourceTree = "<group>"; };
		B915DE711C02F8B9005C552C /* TDSemiModal.h */ = {isa = PBXFileReference; fileEncoding = 4; lastKnownFileType = sourcecode.c.h; path = TDSemiModal.h; sourceTree = "<group>"; };
		B915DE721C02F8B9005C552C /* TDSemiModalViewController.h */ = {isa = PBXFileReference; fileEncoding = 4; lastKnownFileType = sourcecode.c.h; path = TDSemiModalViewController.h; sourceTree = "<group>"; };
		B915DE731C02F8B9005C552C /* TDSemiModalViewController.m */ = {isa = PBXFileReference; fileEncoding = 4; lastKnownFileType = sourcecode.c.objc; path = TDSemiModalViewController.m; sourceTree = "<group>"; };
		B915DE741C02F8B9005C552C /* UIViewController+TDSemiModalExtension.h */ = {isa = PBXFileReference; fileEncoding = 4; lastKnownFileType = sourcecode.c.h; path = "UIViewController+TDSemiModalExtension.h"; sourceTree = "<group>"; };
		B915DE751C02F8B9005C552C /* UIViewController+TDSemiModalExtension.m */ = {isa = PBXFileReference; fileEncoding = 4; lastKnownFileType = sourcecode.c.objc; path = "UIViewController+TDSemiModalExtension.m"; sourceTree = "<group>"; };
/* End PBXFileReference section */

/* Begin PBXFrameworksBuildPhase section */
		B915DE4C1C02F752005C552C /* Frameworks */ = {
			isa = PBXFrameworksBuildPhase;
			buildActionMask = 2147483647;
			files = (
			);
			runOnlyForDeploymentPostprocessing = 0;
		};
/* End PBXFrameworksBuildPhase section */

/* Begin PBXGroup section */
		B915DE461C02F752005C552C = {
			isa = PBXGroup;
			children = (
				B915DE511C02F752005C552C /* DatePicker */,
				B915DE501C02F752005C552C /* Products */,
			);
			sourceTree = "<group>";
		};
		B915DE501C02F752005C552C /* Products */ = {
			isa = PBXGroup;
			children = (
				B915DE4F1C02F752005C552C /* DatePicker.app */,
			);
			name = Products;
			sourceTree = "<group>";
		};
		B915DE511C02F752005C552C /* DatePicker */ = {
			isa = PBXGroup;
			children = (
				B915DE691C02F7FC005C552C /* Classes */,
				B915DE6A1C02F80A005C552C /* Example */,
				B915DE521C02F752005C552C /* Supporting Files */,
			);
			path = DatePicker;
			sourceTree = "<group>";
		};
		B915DE521C02F752005C552C /* Supporting Files */ = {
			isa = PBXGroup;
			children = (
				B915DE531C02F752005C552C /* main.m */,
			);
			name = "Supporting Files";
			sourceTree = "<group>";
		};
		B915DE691C02F7FC005C552C /* Classes */ = {
			isa = PBXGroup;
			children = (
				B915DE781C02F8C5005C552C /* TDSemiModal */,
				B915DE6B1C02F830005C552C /* DatePickerViewController.h */,
				B915DE6C1C02F830005C552C /* DatePickerViewController.m */,
				B915DE6D1C02F830005C552C /* DatePicker.h */,
				B915DE6E1C02F830005C552C /* DatePicker.m */,
			);
			name = Classes;
			sourceTree = "<group>";
		};
		B915DE6A1C02F80A005C552C /* Example */ = {
			isa = PBXGroup;
			children = (
				B915DE551C02F752005C552C /* AppDelegate.h */,
				B915DE561C02F752005C552C /* AppDelegate.m */,
				B915DE581C02F752005C552C /* ViewController.h */,
				B915DE591C02F752005C552C /* ViewController.m */,
				B915DE5B1C02F752005C552C /* Main.storyboard */,
				B915DE5E1C02F752005C552C /* Assets.xcassets */,
				B915DE601C02F752005C552C /* LaunchScreen.storyboard */,
				B915DE631C02F752005C552C /* Info.plist */,
			);
			name = Example;
			sourceTree = "<group>";
		};
		B915DE781C02F8C5005C552C /* TDSemiModal */ = {
			isa = PBXGroup;
			children = (
				B915DE711C02F8B9005C552C /* TDSemiModal.h */,
				B915DE721C02F8B9005C552C /* TDSemiModalViewController.h */,
				B915DE731C02F8B9005C552C /* TDSemiModalViewController.m */,
				B915DE741C02F8B9005C552C /* UIViewController+TDSemiModalExtension.h */,
				B915DE751C02F8B9005C552C /* UIViewController+TDSemiModalExtension.m */,
			);
			name = TDSemiModal;
			sourceTree = "<group>";
		};
/* End PBXGroup section */

/* Begin PBXNativeTarget section */
		B915DE4E1C02F752005C552C /* DatePicker */ = {
			isa = PBXNativeTarget;
			buildConfigurationList = B915DE661C02F752005C552C /* Build configuration list for PBXNativeTarget "DatePicker" */;
			buildPhases = (
				B915DE4B1C02F752005C552C /* Sources */,
				B915DE4C1C02F752005C552C /* Frameworks */,
				B915DE4D1C02F752005C552C /* Resources */,
			);
			buildRules = (
			);
			dependencies = (
			);
			name = DatePicker;
			productName = DatePicker;
			productReference = B915DE4F1C02F752005C552C /* DatePicker.app */;
			productType = "com.apple.product-type.application";
		};
/* End PBXNativeTarget section */

/* Begin PBXProject section */
		B915DE471C02F752005C552C /* Project object */ = {
			isa = PBXProject;
			attributes = {
				LastUpgradeCheck = 0710;
				ORGANIZATIONNAME = origheart;
				TargetAttributes = {
					B915DE4E1C02F752005C552C = {
						CreatedOnToolsVersion = 7.1.1;
					};
				};
			};
			buildConfigurationList = B915DE4A1C02F752005C552C /* Build configuration list for PBXProject "DatePicker" */;
			compatibilityVersion = "Xcode 3.2";
			developmentRegion = English;
			hasScannedForEncodings = 0;
			knownRegions = (
				en,
				Base,
			);
			mainGroup = B915DE461C02F752005C552C;
			productRefGroup = B915DE501C02F752005C552C /* Products */;
			projectDirPath = "";
			projectRoot = "";
			targets = (
				B915DE4E1C02F752005C552C /* DatePicker */,
			);
		};
/* End PBXProject section */

/* Begin PBXResourcesBuildPhase section */
		B915DE4D1C02F752005C552C /* Resources */ = {
			isa = PBXResourcesBuildPhase;
			buildActionMask = 2147483647;
			files = (
				B915DE621C02F752005C552C /* LaunchScreen.storyboard in Resources */,
				B915DE5F1C02F752005C552C /* Assets.xcassets in Resources */,
				B915DE5D1C02F752005C552C /* Main.storyboard in Resources */,
			);
			runOnlyForDeploymentPostprocessing = 0;
		};
/* End PBXResourcesBuildPhase section */

/* Begin PBXSourcesBuildPhase section */
		B915DE4B1C02F752005C552C /* Sources */ = {
			isa = PBXSourcesBuildPhase;
			buildActionMask = 2147483647;
			files = (
				B915DE6F1C02F830005C552C /* DatePickerViewController.m in Sources */,
				B915DE771C02F8B9005C552C /* UIViewController+TDSemiModalExtension.m in Sources */,
				B915DE5A1C02F752005C552C /* ViewController.m in Sources */,
				B915DE761C02F8B9005C552C /* TDSemiModalViewController.m in Sources */,
				B915DE571C02F752005C552C /* AppDelegate.m in Sources */,
				B915DE541C02F752005C552C /* main.m in Sources */,
				B915DE701C02F830005C552C /* DatePicker.m in Sources */,
			);
			runOnlyForDeploymentPostprocessing = 0;
		};
/* End PBXSourcesBuildPhase section */

/* Begin PBXVariantGroup section */
		B915DE5B1C02F752005C552C /* Main.storyboard */ = {
			isa = PBXVariantGroup;
			children = (
				B915DE5C1C02F752005C552C /* Base */,
			);
			name = Main.storyboard;
			sourceTree = "<group>";
		};
		B915DE601C02F752005C552C /* LaunchScreen.storyboard */ = {
			isa = PBXVariantGroup;
			children = (
				B915DE611C02F752005C552C /* Base */,
			);
			name = LaunchScreen.storyboard;
			sourceTree = "<group>";
		};
/* End PBXVariantGroup section */

/* Begin XCBuildConfiguration section */
		B915DE641C02F752005C552C /* Debug */ = {
			isa = XCBuildConfiguration;
			buildSettings = {
				ALWAYS_SEARCH_USER_PATHS = NO;
				CLANG_CXX_LANGUAGE_STANDARD = "gnu++0x";
				CLANG_CXX_LIBRARY = "libc++";
				CLANG_ENABLE_MODULES = YES;
				CLANG_ENABLE_OBJC_ARC = YES;
				CLANG_WARN_BOOL_CONVERSION = YES;
				CLANG_WARN_CONSTANT_CONVERSION = YES;
				CLANG_WARN_DIRECT_OBJC_ISA_USAGE = YES_ERROR;
				CLANG_WARN_EMPTY_BODY = YES;
				CLANG_WARN_ENUM_CONVERSION = YES;
				CLANG_WARN_INT_CONVERSION = YES;
				CLANG_WARN_OBJC_ROOT_CLASS = YES_ERROR;
				CLANG_WARN_UNREACHABLE_CODE = YES;
				CLANG_WARN__DUPLICATE_METHOD_MATCH = YES;
				"CODE_SIGN_IDENTITY[sdk=iphoneos*]" = "iPhone Developer";
				COPY_PHASE_STRIP = NO;
				DEBUG_INFORMATION_FORMAT = dwarf;
				ENABLE_STRICT_OBJC_MSGSEND = YES;
				ENABLE_TESTABILITY = YES;
				GCC_C_LANGUAGE_STANDARD = gnu99;
				GCC_DYNAMIC_NO_PIC = NO;
				GCC_NO_COMMON_BLOCKS = YES;
				GCC_OPTIMIZATION_LEVEL = 0;
				GCC_PREPROCESSOR_DEFINITIONS = (
					"DEBUG=1",
					"$(inherited)",
				);
				GCC_WARN_64_TO_32_BIT_CONVERSION = YES;
				GCC_WARN_ABOUT_RETURN_TYPE = YES_ERROR;
				GCC_WARN_UNDECLARED_SELECTOR = YES;
				GCC_WARN_UNINITIALIZED_AUTOS = YES_AGGRESSIVE;
				GCC_WARN_UNUSED_FUNCTION = YES;
				GCC_WARN_UNUSED_VARIABLE = YES;
				IPHONEOS_DEPLOYMENT_TARGET = 9.1;
				MTL_ENABLE_DEBUG_INFO = YES;
				ONLY_ACTIVE_ARCH = YES;
				SDKROOT = iphoneos;
			};
			name = Debug;
		};
		B915DE651C02F752005C552C /* Release */ = {
			isa = XCBuildConfiguration;
			buildSettings = {
				ALWAYS_SEARCH_USER_PATHS = NO;
				CLANG_CXX_LANGUAGE_STANDARD = "gnu++0x";
				CLANG_CXX_LIBRARY = "libc++";
				CLANG_ENABLE_MODULES = YES;
				CLANG_ENABLE_OBJC_ARC = YES;
				CLANG_WARN_BOOL_CONVERSION = YES;
				CLANG_WARN_CONSTANT_CONVERSION = YES;
				CLANG_WARN_DIRECT_OBJC_ISA_USAGE = YES_ERROR;
				CLANG_WARN_EMPTY_BODY = YES;
				CLANG_WARN_ENUM_CONVERSION = YES;
				CLANG_WARN_INT_CONVERSION = YES;
				CLANG_WARN_OBJC_ROOT_CLASS = YES_ERROR;
				CLANG_WARN_UNREACHABLE_CODE = YES;
				CLANG_WARN__DUPLICATE_METHOD_MATCH = YES;
				"CODE_SIGN_IDENTITY[sdk=iphoneos*]" = "iPhone Developer";
				COPY_PHASE_STRIP = NO;
				DEBUG_INFORMATION_FORMAT = "dwarf-with-dsym";
				ENABLE_NS_ASSERTIONS = NO;
				ENABLE_STRICT_OBJC_MSGSEND = YES;
				GCC_C_LANGUAGE_STANDARD = gnu99;
				GCC_NO_COMMON_BLOCKS = YES;
				GCC_WARN_64_TO_32_BIT_CONVERSION = YES;
				GCC_WARN_ABOUT_RETURN_TYPE = YES_ERROR;
				GCC_WARN_UNDECLARED_SELECTOR = YES;
				GCC_WARN_UNINITIALIZED_AUTOS = YES_AGGRESSIVE;
				GCC_WARN_UNUSED_FUNCTION = YES;
				GCC_WARN_UNUSED_VARIABLE = YES;
				IPHONEOS_DEPLOYMENT_TARGET = 9.1;
				MTL_ENABLE_DEBUG_INFO = NO;
				SDKROOT = iphoneos;
				VALIDATE_PRODUCT = YES;
			};
			name = Release;
		};
		B915DE671C02F752005C552C /* Debug */ = {
			isa = XCBuildConfiguration;
			buildSettings = {
				ASSETCATALOG_COMPILER_APPICON_NAME = AppIcon;
				INFOPLIST_FILE = DatePicker/Info.plist;
				LD_RUNPATH_SEARCH_PATHS = "$(inherited) @executable_path/Frameworks";
				PRODUCT_BUNDLE_IDENTIFIER = com.origheart.DatePicker;
				PRODUCT_NAME = "$(TARGET_NAME)";
			};
			name = Debug;
		};
		B915DE681C02F752005C552C /* Release */ = {
			isa = XCBuildConfiguration;
			buildSettings = {
				ASSETCATALOG_COMPILER_APPICON_NAME = AppIcon;
				INFOPLIST_FILE = DatePicker/Info.plist;
				LD_RUNPATH_SEARCH_PATHS = "$(inherited) @executable_path/Frameworks";
				PRODUCT_BUNDLE_IDENTIFIER = com.origheart.DatePicker;
				PRODUCT_NAME = "$(TARGET_NAME)";
			};
			name = Release;
		};
/* End XCBuildConfiguration section */

/* Begin XCConfigurationList section */
		B915DE4A1C02F752005C552C /* Build configuration list for PBXProject "DatePicker" */ = {
			isa = XCConfigurationList;
			buildConfigurations = (
				B915DE641C02F752005C552C /* Debug */,
				B915DE651C02F752005C552C /* Release */,
			);
			defaultConfigurationIsVisible = 0;
			defaultConfigurationName = Release;
		};
		B915DE661C02F752005C552C /* Build configuration list for PBXNativeTarget "DatePicker" */ = {
			isa = XCConfigurationList;
			buildConfigurations = (
				B915DE671C02F752005C552C /* Debug */,
				B915DE681C02F752005C552C /* Release */,
			);
			defaultConfigurationIsVisible = 0;
		};
/* End XCConfigurationList section */
	};
	rootObject = B915DE471C02F752005C552C /* Project object */;
}
